{
  "name": "@fa_yoshinobu/node-red-contrib-plc-comm-slmp",
  "version": "0.2.9",
  "lockfileVersion": 3,
  "requires": true,
  "packages": {
    "": {
      "name": "@fa_yoshinobu/node-red-contrib-plc-comm-slmp",
      "version": "0.2.9",
      "license": "MIT",
      "engines": {
        "node": ">=18.0.0"
      }
    }
  }
}
